
Microsoft Visual Studio Solution File, Format Version 12.00
# Visual Studio 15
VisualStudioVersion = 15.0.27428.2015
MinimumVisualStudioVersion = 10.0.40219.1
Project("{9A19103F-16F7-4668-BE54-9A1E7A4F7556}") = "Discretization", "Discretization\Discretization.csproj", "{82FADE40-9DB5-42A8-9301-8CC620407D77}"
EndProject
Project("{FAE04EC0-301F-11D3-BF4B-00C04F79EFBC}") = "Discretization.Tests", "Discretization.Tests\Discretization.Tests.csproj", "{78EFED15-9607-43FF-8901-BC4BD39BA240}"
EndProject
Global
	GlobalSection(SolutionConfigurationPlatforms) = preSolution
		Debug|Any CPU = Debug|Any CPU
		Release|Any CPU = Release|Any CPU
	EndGlobalSection
	GlobalSection(ProjectConfigurationPlatforms) = postSolution
		{82FADE40-9DB5-42A8-9301-8CC620407D77}.Debug|Any CPU.ActiveCfg = Debug|Any CPU
		{82FADE40-9DB5-42A8-9301-8CC620407D77}.Debug|Any CPU.Build.0 = Debug|Any CPU
		{82FADE40-9DB5-42A8-9301-8CC620407D77}.Release|Any CPU.ActiveCfg = Release|Any CPU
		{82FADE40-9DB5-42A8-9301-8CC620407D77}.Release|Any CPU.Build.0 = Release|Any CPU
		{78EFED15-9607-43FF-8901-BC4BD39BA240}.Debug|Any CPU.ActiveCfg = Debug|Any CPU
		{78EFED15-9607-43FF-8901-BC4BD39BA240}.Debug|Any CPU.Build.0 = Debug|Any CPU
		{78EFED15-9607-43FF-8901-BC4BD39BA240}.Release|Any CPU.ActiveCfg = Release|Any CPU
		{78EFED15-9607-43FF-8901-BC4BD39BA240}.Release|Any CPU.Build.0 = Release|Any CPU
	EndGlobalSection
	GlobalSection(SolutionProperties) = preSolution
		HideSolutionNode = FALSE
	EndGlobalSection
	GlobalSection(ExtensibilityGlobals) = postSolution
		SolutionGuid = {E56567C7-2C87-457B-9292-20FD6F4B56CC}
	EndGlobalSection
EndGlobal
