
Microsoft Visual Studio Solution File, Format Version 12.00
# Visual Studio 15
VisualStudioVersion = 15.0.27428.2015
MinimumVisualStudioVersion = 10.0.40219.1
Project("{9A19103F-16F7-4668-BE54-9A1E7A4F7556}") = "KnowledgeProduction", "KnowledgeProduction\KnowledgeProduction.csproj", "{38E8EBBF-E48B-472B-8E77-6B9F696D90A8}"
EndProject
Project("{9A19103F-16F7-4668-BE54-9A1E7A4F7556}") = "KnowledgeProduction.Tests", "KnowledgeProduction.Tests\KnowledgeProduction.Tests.csproj", "{B39784C9-9D94-4D2D-B7AA-0EE3FE83B49A}"
EndProject
Global
	GlobalSection(SolutionConfigurationPlatforms) = preSolution
		Debug|Any CPU = Debug|Any CPU
		Release|Any CPU = Release|Any CPU
	EndGlobalSection
	GlobalSection(ProjectConfigurationPlatforms) = postSolution
		{38E8EBBF-E48B-472B-8E77-6B9F696D90A8}.Debug|Any CPU.ActiveCfg = Debug|Any CPU
		{38E8EBBF-E48B-472B-8E77-6B9F696D90A8}.Debug|Any CPU.Build.0 = Debug|Any CPU
		{38E8EBBF-E48B-472B-8E77-6B9F696D90A8}.Release|Any CPU.ActiveCfg = Release|Any CPU
		{38E8EBBF-E48B-472B-8E77-6B9F696D90A8}.Release|Any CPU.Build.0 = Release|Any CPU
		{B39784C9-9D94-4D2D-B7AA-0EE3FE83B49A}.Debug|Any CPU.ActiveCfg = Debug|Any CPU
		{B39784C9-9D94-4D2D-B7AA-0EE3FE83B49A}.Debug|Any CPU.Build.0 = Debug|Any CPU
		{B39784C9-9D94-4D2D-B7AA-0EE3FE83B49A}.Release|Any CPU.ActiveCfg = Release|Any CPU
		{B39784C9-9D94-4D2D-B7AA-0EE3FE83B49A}.Release|Any CPU.Build.0 = Release|Any CPU
	EndGlobalSection
	GlobalSection(SolutionProperties) = preSolution
		HideSolutionNode = FALSE
	EndGlobalSection
	GlobalSection(ExtensibilityGlobals) = postSolution
		SolutionGuid = {BDC88F38-98A6-433D-955C-5B826C1075CF}
	EndGlobalSection
EndGlobal
