
Microsoft Visual Studio Solution File, Format Version 12.00
# Visual Studio 15
VisualStudioVersion = 15.0.27428.2015
MinimumVisualStudioVersion = 10.0.40219.1
Project("{9A19103F-16F7-4668-BE54-9A1E7A4F7556}") = "IdManagement", "IdManager\IdManagement.csproj", "{6900F28B-45D2-4B97-8088-8A386A3D7E34}"
EndProject
Project("{9A19103F-16F7-4668-BE54-9A1E7A4F7556}") = "IdManagement.Tests", "IdManager.Tests\IdManagement.Tests.csproj", "{2A5AA43E-1275-4C2E-967E-C6188BC6497E}"
EndProject
Global
	GlobalSection(SolutionConfigurationPlatforms) = preSolution
		Debug|Any CPU = Debug|Any CPU
		Release|Any CPU = Release|Any CPU
	EndGlobalSection
	GlobalSection(ProjectConfigurationPlatforms) = postSolution
		{6900F28B-45D2-4B97-8088-8A386A3D7E34}.Debug|Any CPU.ActiveCfg = Debug|Any CPU
		{6900F28B-45D2-4B97-8088-8A386A3D7E34}.Debug|Any CPU.Build.0 = Debug|Any CPU
		{6900F28B-45D2-4B97-8088-8A386A3D7E34}.Release|Any CPU.ActiveCfg = Release|Any CPU
		{6900F28B-45D2-4B97-8088-8A386A3D7E34}.Release|Any CPU.Build.0 = Release|Any CPU
		{2A5AA43E-1275-4C2E-967E-C6188BC6497E}.Debug|Any CPU.ActiveCfg = Debug|Any CPU
		{2A5AA43E-1275-4C2E-967E-C6188BC6497E}.Debug|Any CPU.Build.0 = Debug|Any CPU
		{2A5AA43E-1275-4C2E-967E-C6188BC6497E}.Release|Any CPU.ActiveCfg = Release|Any CPU
		{2A5AA43E-1275-4C2E-967E-C6188BC6497E}.Release|Any CPU.Build.0 = Release|Any CPU
	EndGlobalSection
	GlobalSection(SolutionProperties) = preSolution
		HideSolutionNode = FALSE
	EndGlobalSection
	GlobalSection(ExtensibilityGlobals) = postSolution
		SolutionGuid = {D92DFB3B-A143-44F9-8201-8409E4DEDEDE}
	EndGlobalSection
EndGlobal
